
Microsoft Visual Studio Solution File, Format Version 12.00
# Visual Studio Version 16
VisualStudioVersion = 16.0.30717.126
MinimumVisualStudioVersion = 10.0.40219.1
Project("{FAE04EC0-301F-11D3-BF4B-00C04F79EFBC}") = "MCFF.Framework", "MCFF.Framework\MCFF.Framework.csproj", "{B69892FB-F996-4658-835D-25A8B0C1F9C7}"
EndProject
Project("{FAE04EC0-301F-11D3-BF4B-00C04F79EFBC}") = "MCFF.Tests", "MCFF.Tests\MCFF.Tests.csproj", "{BD7F34A6-4EDB-475D-9D3D-A140C976EF28}"
EndProject
Global
	GlobalSection(SolutionConfigurationPlatforms) = preSolution
		Debug|Any CPU = Debug|Any CPU
		Release|Any CPU = Release|Any CPU
	EndGlobalSection
	GlobalSection(ProjectConfigurationPlatforms) = postSolution
		{B69892FB-F996-4658-835D-25A8B0C1F9C7}.Debug|Any CPU.ActiveCfg = Debug|Any CPU
		{B69892FB-F996-4658-835D-25A8B0C1F9C7}.Debug|Any CPU.Build.0 = Debug|Any CPU
		{B69892FB-F996-4658-835D-25A8B0C1F9C7}.Release|Any CPU.ActiveCfg = Release|Any CPU
		{B69892FB-F996-4658-835D-25A8B0C1F9C7}.Release|Any CPU.Build.0 = Release|Any CPU
		{BD7F34A6-4EDB-475D-9D3D-A140C976EF28}.Debug|Any CPU.ActiveCfg = Debug|Any CPU
		{BD7F34A6-4EDB-475D-9D3D-A140C976EF28}.Debug|Any CPU.Build.0 = Debug|Any CPU
		{BD7F34A6-4EDB-475D-9D3D-A140C976EF28}.Release|Any CPU.ActiveCfg = Release|Any CPU
		{BD7F34A6-4EDB-475D-9D3D-A140C976EF28}.Release|Any CPU.Build.0 = Release|Any CPU
	EndGlobalSection
	GlobalSection(SolutionProperties) = preSolution
		HideSolutionNode = FALSE
	EndGlobalSection
	GlobalSection(ExtensibilityGlobals) = postSolution
		SolutionGuid = {14EB83A3-6DE1-4D5E-B713-C4D4B0882CD6}
	EndGlobalSection
EndGlobal
